// !$*UTF8*$!
{
	archiveVersion = 1;
	classes = {
	};
	objectVersion = 48;
	objects = {

/* Begin PBXBuildFile section */
		22DA8E9B208E7C1C00754F63 /* AppDelegate.swift in Sources */ = {isa = PBXBuildFile; fileRef = 22DA8E9A208E7C1C00754F63 /* AppDelegate.swift */; };
		22DA8E9D208E7C1C00754F63 /* ChannelsViewController.swift in Sources */ = {isa = PBXBuildFile; fileRef = 22DA8E9C208E7C1C00754F63 /* ChannelsViewController.swift */; };
		22DA8EA2208E7C1C00754F63 /* Main.storyboard in Resources */ = {isa = PBXBuildFile; fileRef = 22DA8EA0208E7C1C00754F63 /* Main.storyboard */; };
		22DA8EA4208E7C1C00754F63 /* Assets.xcassets in Resources */ = {isa = PBXBuildFile; fileRef = 22DA8EA3208E7C1C00754F63 /* Assets.xcassets */; };
		22DA8EA7208E7C1C00754F63 /* LaunchScreen.storyboard in Resources */ = {isa = PBXBuildFile; fileRef = 22DA8EA5208E7C1C00754F63 /* LaunchScreen.storyboard */; };
		22DA8EB020906FDF00754F63 /* ChannelTableViewCell.swift in Sources */ = {isa = PBXBuildFile; fileRef = 22DA8EAF20906FDF00754F63 /* ChannelTableViewCell.swift */; };
		22DA8EB22090DA6900754F63 /* AddChannelViewController.swift in Sources */ = {isa = PBXBuildFile; fileRef = 22DA8EB12090DA6900754F63 /* AddChannelViewController.swift */; };
/* End PBXBuildFile section */

/* Begin PBXFileReference section */
		22DA8E97208E7C1B00754F63 /* rdio.app */ = {isa = PBXFileReference; explicitFileType = wrapper.application; includeInIndex = 0; path = rdio.app; sourceTree = BUILT_PRODUCTS_DIR; };
		22DA8E9A208E7C1C00754F63 /* AppDelegate.swift */ = {isa = PBXFileReference; lastKnownFileType = sourcecode.swift; path = AppDelegate.swift; sourceTree = "<group>"; };
		22DA8E9C208E7C1C00754F63 /* ChannelsViewController.swift */ = {isa = PBXFileReference; lastKnownFileType = sourcecode.swift; path = ChannelsViewController.swift; sourceTree = "<group>"; };
		22DA8EA1208E7C1C00754F63 /* Base */ = {isa = PBXFileReference; lastKnownFileType = file.storyboard; name = Base; path = Base.lproj/Main.storyboard; sourceTree = "<group>"; };
		22DA8EA3208E7C1C00754F63 /* Assets.xcassets */ = {isa = PBXFileReference; lastKnownFileType = folder.assetcatalog; path = Assets.xcassets; sourceTree = "<group>"; };
		22DA8EA6208E7C1C00754F63 /* Base */ = {isa = PBXFileReference; lastKnownFileType = file.storyboard; name = Base; path = Base.lproj/LaunchScreen.storyboard; sourceTree = "<group>"; };
		22DA8EA8208E7C1C00754F63 /* Info.plist */ = {isa = PBXFileReference; lastKnownFileType = text.plist.xml; path = Info.plist; sourceTree = "<group>"; };
		22DA8EAE208E7C5800754F63 /* rdio.entitlements */ = {isa = PBXFileReference; lastKnownFileType = text.plist.entitlements; path = rdio.entitlements; sourceTree = "<group>"; };
		22DA8EAF20906FDF00754F63 /* ChannelTableViewCell.swift */ = {isa = PBXFileReference; lastKnownFileType = sourcecode.swift; path = ChannelTableViewCell.swift; sourceTree = "<group>"; };
		22DA8EB12090DA6900754F63 /* AddChannelViewController.swift */ = {isa = PBXFileReference; lastKnownFileType = sourcecode.swift; path = AddChannelViewController.swift; sourceTree = "<group>"; };
/* End PBXFileReference section */

/* Begin PBXFrameworksBuildPhase section */
		22DA8E94208E7C1B00754F63 /* Frameworks */ = {
			isa = PBXFrameworksBuildPhase;
			buildActionMask = 2147483647;
			files = (
			);
			runOnlyForDeploymentPostprocessing = 0;
		};
/* End PBXFrameworksBuildPhase section */

/* Begin PBXGroup section */
		22DA8E8E208E7C1B00754F63 = {
			isa = PBXGroup;
			children = (
				22DA8E99208E7C1C00754F63 /* rdio */,
				22DA8E98208E7C1B00754F63 /* Products */,
			);
			sourceTree = "<group>";
		};
		22DA8E98208E7C1B00754F63 /* Products */ = {
			isa = PBXGroup;
			children = (
				22DA8E97208E7C1B00754F63 /* rdio.app */,
			);
			name = Products;
			sourceTree = "<group>";
		};
		22DA8E99208E7C1C00754F63 /* rdio */ = {
			isa = PBXGroup;
			children = (
				22DA8EAE208E7C5800754F63 /* rdio.entitlements */,
				22DA8E9A208E7C1C00754F63 /* AppDelegate.swift */,
				22DA8E9C208E7C1C00754F63 /* ChannelsViewController.swift */,
				22DA8EA0208E7C1C00754F63 /* Main.storyboard */,
				22DA8EB12090DA6900754F63 /* AddChannelViewController.swift */,
				22DA8EA3208E7C1C00754F63 /* Assets.xcassets */,
				22DA8EA5208E7C1C00754F63 /* LaunchScreen.storyboard */,
				22DA8EA8208E7C1C00754F63 /* Info.plist */,
				22DA8EAF20906FDF00754F63 /* ChannelTableViewCell.swift */,
			);
			path = rdio;
			sourceTree = "<group>";
		};
/* End PBXGroup section */

/* Begin PBXNativeTarget section */
		22DA8E96208E7C1B00754F63 /* rdio */ = {
			isa = PBXNativeTarget;
			buildConfigurationList = 22DA8EAB208E7C1C00754F63 /* Build configuration list for PBXNativeTarget "rdio" */;
			buildPhases = (
				22DA8E93208E7C1B00754F63 /* Sources */,
				22DA8E94208E7C1B00754F63 /* Frameworks */,
				22DA8E95208E7C1B00754F63 /* Resources */,
			);
			buildRules = (
			);
			dependencies = (
			);
			name = rdio;
			productName = rdio;
			productReference = 22DA8E97208E7C1B00754F63 /* rdio.app */;
			productType = "com.apple.product-type.application";
		};
/* End PBXNativeTarget section */

/* Begin PBXProject section */
		22DA8E8F208E7C1B00754F63 /* Project object */ = {
			isa = PBXProject;
			attributes = {
				LastSwiftUpdateCheck = 0920;
				LastUpgradeCheck = 0920;
				ORGANIZATIONNAME = "Tim Wattenberg";
				TargetAttributes = {
					22DA8E96208E7C1B00754F63 = {
						CreatedOnToolsVersion = 9.2;
						ProvisioningStyle = Automatic;
						SystemCapabilities = {
							com.apple.Push = {
								enabled = 0;
							};
						};
					};
				};
			};
			buildConfigurationList = 22DA8E92208E7C1B00754F63 /* Build configuration list for PBXProject "rdio" */;
			compatibilityVersion = "Xcode 8.0";
			developmentRegion = en;
			hasScannedForEncodings = 0;
			knownRegions = (
				en,
				Base,
			);
			mainGroup = 22DA8E8E208E7C1B00754F63;
			productRefGroup = 22DA8E98208E7C1B00754F63 /* Products */;
			projectDirPath = "";
			projectRoot = "";
			targets = (
				22DA8E96208E7C1B00754F63 /* rdio */,
			);
		};
/* End PBXProject section */

/* Begin PBXResourcesBuildPhase section */
		22DA8E95208E7C1B00754F63 /* Resources */ = {
			isa = PBXResourcesBuildPhase;
			buildActionMask = 2147483647;
			files = (
				22DA8EA7208E7C1C00754F63 /* LaunchScreen.storyboard in Resources */,
				22DA8EA4208E7C1C00754F63 /* Assets.xcassets in Resources */,
				22DA8EA2208E7C1C00754F63 /* Main.storyboard in Resources */,
			);
			runOnlyForDeploymentPostprocessing = 0;
		};
/* End PBXResourcesBuildPhase section */

/* Begin PBXSourcesBuildPhase section */
		22DA8E93208E7C1B00754F63 /* Sources */ = {
			isa = PBXSourcesBuildPhase;
			buildActionMask = 2147483647;
			files = (
				22DA8EB020906FDF00754F63 /* ChannelTableViewCell.swift in Sources */,
				22DA8E9B208E7C1C00754F63 /* AppDelegate.swift in Sources */,
				22DA8EB22090DA6900754F63 /* AddChannelViewController.swift in Sources */,
				22DA8E9D208E7C1C00754F63 /* ChannelsViewController.swift in Sources */,
			);
			runOnlyForDeploymentPostprocessing = 0;
		};
/* End PBXSourcesBuildPhase section */

/* Begin PBXVariantGroup section */
		22DA8EA0208E7C1C00754F63 /* Main.storyboard */ = {
			isa = PBXVariantGroup;
			children = (
				22DA8EA1208E7C1C00754F63 /* Base */,
			);
			name = Main.storyboard;
			sourceTree = "<group>";
		};
		22DA8EA5208E7C1C00754F63 /* LaunchScreen.storyboard */ = {
			isa = PBXVariantGroup;
			children = (
				22DA8EA6208E7C1C00754F63 /* Base */,
			);
			name = LaunchScreen.storyboard;
			sourceTree = "<group>";
		};
/* End PBXVariantGroup section */

/* Begin XCBuildConfiguration section */
		22DA8EA9208E7C1C00754F63 /* Debug */ = {
			isa = XCBuildConfiguration;
			buildSettings = {
				ALWAYS_SEARCH_USER_PATHS = NO;
				CLANG_ANALYZER_NONNULL = YES;
				CLANG_ANALYZER_NUMBER_OBJECT_CONVERSION = YES_AGGRESSIVE;
				CLANG_CXX_LANGUAGE_STANDARD = "gnu++14";
				CLANG_CXX_LIBRARY = "libc++";
				CLANG_ENABLE_MODULES = YES;
				CLANG_ENABLE_OBJC_ARC = YES;
				CLANG_WARN_BLOCK_CAPTURE_AUTORELEASING = YES;
				CLANG_WARN_BOOL_CONVERSION = YES;
				CLANG_WARN_COMMA = YES;
				CLANG_WARN_CONSTANT_CONVERSION = YES;
				CLANG_WARN_DIRECT_OBJC_ISA_USAGE = YES_ERROR;
				CLANG_WARN_DOCUMENTATION_COMMENTS = YES;
				CLANG_WARN_EMPTY_BODY = YES;
				CLANG_WARN_ENUM_CONVERSION = YES;
				CLANG_WARN_INFINITE_RECURSION = YES;
				CLANG_WARN_INT_CONVERSION = YES;
				CLANG_WARN_NON_LITERAL_NULL_CONVERSION = YES;
				CLANG_WARN_OBJC_LITERAL_CONVERSION = YES;
				CLANG_WARN_OBJC_ROOT_CLASS = YES_ERROR;
				CLANG_WARN_RANGE_LOOP_ANALYSIS = YES;
				CLANG_WARN_STRICT_PROTOTYPES = YES;
				CLANG_WARN_SUSPICIOUS_MOVE = YES;
				CLANG_WARN_UNGUARDED_AVAILABILITY = YES_AGGRESSIVE;
				CLANG_WARN_UNREACHABLE_CODE = YES;
				CLANG_WARN__DUPLICATE_METHOD_MATCH = YES;
				CODE_SIGN_IDENTITY = "iPhone Developer";
				COPY_PHASE_STRIP = NO;
				DEBUG_INFORMATION_FORMAT = dwarf;
				ENABLE_STRICT_OBJC_MSGSEND = YES;
				ENABLE_TESTABILITY = YES;
				GCC_C_LANGUAGE_STANDARD = gnu11;
				GCC_DYNAMIC_NO_PIC = NO;
				GCC_NO_COMMON_BLOCKS = YES;
				GCC_OPTIMIZATION_LEVEL = 0;
				GCC_PREPROCESSOR_DEFINITIONS = (
					"DEBUG=1",
					"$(inherited)",
				);
				GCC_WARN_64_TO_32_BIT_CONVERSION = YES;
				GCC_WARN_ABOUT_RETURN_TYPE = YES_ERROR;
				GCC_WARN_UNDECLARED_SELECTOR = YES;
				GCC_WARN_UNINITIALIZED_AUTOS = YES_AGGRESSIVE;
				GCC_WARN_UNUSED_FUNCTION = YES;
				GCC_WARN_UNUSED_VARIABLE = YES;
				IPHONEOS_DEPLOYMENT_TARGET = 11.2;
				MTL_ENABLE_DEBUG_INFO = YES;
				ONLY_ACTIVE_ARCH = YES;
				SDKROOT = iphoneos;
				SWIFT_ACTIVE_COMPILATION_CONDITIONS = DEBUG;
				SWIFT_OPTIMIZATION_LEVEL = "-Onone";
			};
			name = Debug;
		};
		22DA8EAA208E7C1C00754F63 /* Release */ = {
			isa = XCBuildConfiguration;
			buildSettings = {
				ALWAYS_SEARCH_USER_PATHS = NO;
				CLANG_ANALYZER_NONNULL = YES;
				CLANG_ANALYZER_NUMBER_OBJECT_CONVERSION = YES_AGGRESSIVE;
				CLANG_CXX_LANGUAGE_STANDARD = "gnu++14";
				CLANG_CXX_LIBRARY = "libc++";
				CLANG_ENABLE_MODULES = YES;
				CLANG_ENABLE_OBJC_ARC = YES;
				CLANG_WARN_BLOCK_CAPTURE_AUTORELEASING = YES;
				CLANG_WARN_BOOL_CONVERSION = YES;
				CLANG_WARN_COMMA = YES;
				CLANG_WARN_CONSTANT_CONVERSION = YES;
				CLANG_WARN_DIRECT_OBJC_ISA_USAGE = YES_ERROR;
				CLANG_WARN_DOCUMENTATION_COMMENTS = YES;
				CLANG_WARN_EMPTY_BODY = YES;
				CLANG_WARN_ENUM_CONVERSION = YES;
				CLANG_WARN_INFINITE_RECURSION = YES;
				CLANG_WARN_INT_CONVERSION = YES;
				CLANG_WARN_NON_LITERAL_NULL_CONVERSION = YES;
				CLANG_WARN_OBJC_LITERAL_CONVERSION = YES;
				CLANG_WARN_OBJC_ROOT_CLASS = YES_ERROR;
				CLANG_WARN_RANGE_LOOP_ANALYSIS = YES;
				CLANG_WARN_STRICT_PROTOTYPES = YES;
				CLANG_WARN_SUSPICIOUS_MOVE = YES;
				CLANG_WARN_UNGUARDED_AVAILABILITY = YES_AGGRESSIVE;
				CLANG_WARN_UNREACHABLE_CODE = YES;
				CLANG_WARN__DUPLICATE_METHOD_MATCH = YES;
				CODE_SIGN_IDENTITY = "iPhone Developer";
				COPY_PHASE_STRIP = NO;
				DEBUG_INFORMATION_FORMAT = "dwarf-with-dsym";
				ENABLE_NS_ASSERTIONS = NO;
				ENABLE_STRICT_OBJC_MSGSEND = YES;
				GCC_C_LANGUAGE_STANDARD = gnu11;
				GCC_NO_COMMON_BLOCKS = YES;
				GCC_WARN_64_TO_32_BIT_CONVERSION = YES;
				GCC_WARN_ABOUT_RETURN_TYPE = YES_ERROR;
				GCC_WARN_UNDECLARED_SELECTOR = YES;
				GCC_WARN_UNINITIALIZED_AUTOS = YES_AGGRESSIVE;
				GCC_WARN_UNUSED_FUNCTION = YES;
				GCC_WARN_UNUSED_VARIABLE = YES;
				IPHONEOS_DEPLOYMENT_TARGET = 11.2;
				MTL_ENABLE_DEBUG_INFO = NO;
				SDKROOT = iphoneos;
				SWIFT_OPTIMIZATION_LEVEL = "-Owholemodule";
				VALIDATE_PRODUCT = YES;
			};
			name = Release;
		};
		22DA8EAC208E7C1C00754F63 /* Debug */ = {
			isa = XCBuildConfiguration;
			buildSettings = {
				ASSETCATALOG_COMPILER_APPICON_NAME = AppIcon;
				CODE_SIGN_STYLE = Automatic;
				DEVELOPMENT_TEAM = T37T9W4K56;
				INFOPLIST_FILE = rdio/Info.plist;
				IPHONEOS_DEPLOYMENT_TARGET = 11.3;
				LD_RUNPATH_SEARCH_PATHS = "$(inherited) @executable_path/Frameworks";
				PRODUCT_BUNDLE_IDENTIFIER = de.timwattenberg.rdio;
				PRODUCT_NAME = "$(TARGET_NAME)";
				SWIFT_VERSION = 4.0;
				TARGETED_DEVICE_FAMILY = "1,2";
			};
			name = Debug;
		};
		22DA8EAD208E7C1C00754F63 /* Release */ = {
			isa = XCBuildConfiguration;
			buildSettings = {
				ASSETCATALOG_COMPILER_APPICON_NAME = AppIcon;
				CODE_SIGN_STYLE = Automatic;
				DEVELOPMENT_TEAM = T37T9W4K56;
				INFOPLIST_FILE = rdio/Info.plist;
				IPHONEOS_DEPLOYMENT_TARGET = 11.3;
				LD_RUNPATH_SEARCH_PATHS = "$(inherited) @executable_path/Frameworks";
				PRODUCT_BUNDLE_IDENTIFIER = de.timwattenberg.rdio;
				PRODUCT_NAME = "$(TARGET_NAME)";
				SWIFT_VERSION = 4.0;
				TARGETED_DEVICE_FAMILY = "1,2";
			};
			name = Release;
		};
/* End XCBuildConfiguration section */

/* Begin XCConfigurationList section */
		22DA8E92208E7C1B00754F63 /* Build configuration list for PBXProject "rdio" */ = {
			isa = XCConfigurationList;
			buildConfigurations = (
				22DA8EA9208E7C1C00754F63 /* Debug */,
				22DA8EAA208E7C1C00754F63 /* Release */,
			);
			defaultConfigurationIsVisible = 0;
			defaultConfigurationName = Release;
		};
		22DA8EAB208E7C1C00754F63 /* Build configuration list for PBXNativeTarget "rdio" */ = {
			isa = XCConfigurationList;
			buildConfigurations = (
				22DA8EAC208E7C1C00754F63 /* Debug */,
				22DA8EAD208E7C1C00754F63 /* Release */,
			);
			defaultConfigurationIsVisible = 0;
			defaultConfigurationName = Release;
		};
/* End XCConfigurationList section */
	};
	rootObject = 22DA8E8F208E7C1B00754F63 /* Project object */;
}
